
Microsoft Visual Studio Solution File, Format Version 12.00
# Visual Studio Version 17
VisualStudioVersion = 17.9.34728.123
MinimumVisualStudioVersion = 10.0.40219.1
Project("{9A19103F-16F7-4668-BE54-9A1E7A4F7556}") = "FlightsDb", "FlightsDb\FlightsDb.csproj", "{C102CB39-C530-4848-9662-FB7915CC0ED6}"
EndProject
Project("{FAE04EC0-301F-11D3-BF4B-00C04F79EFBC}") = "FlightsApp", "FlightsApp\FlightsApp.csproj", "{F8C5790F-98DD-4C7F-BA9E-68CB3DE81440}"
EndProject
Global
	GlobalSection(SolutionConfigurationPlatforms) = preSolution
		Debug|Any CPU = Debug|Any CPU
		Release|Any CPU = Release|Any CPU
	EndGlobalSection
	GlobalSection(ProjectConfigurationPlatforms) = postSolution
		{C102CB39-C530-4848-9662-FB7915CC0ED6}.Debug|Any CPU.ActiveCfg = Debug|Any CPU
		{C102CB39-C530-4848-9662-FB7915CC0ED6}.Debug|Any CPU.Build.0 = Debug|Any CPU
		{C102CB39-C530-4848-9662-FB7915CC0ED6}.Release|Any CPU.ActiveCfg = Release|Any CPU
		{C102CB39-C530-4848-9662-FB7915CC0ED6}.Release|Any CPU.Build.0 = Release|Any CPU
		{F8C5790F-98DD-4C7F-BA9E-68CB3DE81440}.Debug|Any CPU.ActiveCfg = Debug|Any CPU
		{F8C5790F-98DD-4C7F-BA9E-68CB3DE81440}.Debug|Any CPU.Build.0 = Debug|Any CPU
		{F8C5790F-98DD-4C7F-BA9E-68CB3DE81440}.Release|Any CPU.ActiveCfg = Release|Any CPU
		{F8C5790F-98DD-4C7F-BA9E-68CB3DE81440}.Release|Any CPU.Build.0 = Release|Any CPU
	EndGlobalSection
	GlobalSection(SolutionProperties) = preSolution
		HideSolutionNode = FALSE
	EndGlobalSection
	GlobalSection(ExtensibilityGlobals) = postSolution
		SolutionGuid = {029C16A4-6621-45E3-A191-8DC1F1229EB1}
	EndGlobalSection
EndGlobal
